<?xml version="1.0" encoding="utf-8"?>
<Project ToolsVersion="16.0" xmlns="http://schemas.microsoft.com/developer/msbuild/2003">
  <ItemGroup>
    <ClCompile Include="C:\Users\Win10\Desktop\Новая папка\4sem\OC - Операционные Сети\5\Client\Client.c">
      <Filter>Source Files</Filter>
    </ClCompile>
  </ItemGroup>
  <ItemGroup>
    <ClInclude Include="C:\Users\Win10\Desktop\Новая папка\4sem\OC - Операционные Сети\5\Client\Employee.h">
      <Filter>Header Files</Filter>
    </ClInclude>
  </ItemGroup>
  <ItemGroup>
    <CustomBuild Include="C:\Users\Win10\Desktop\Новая папка\4sem\OC - Операционные Сети\5\Client\CMakeLists.txt" />
  </ItemGroup>
  <ItemGroup>
    <Filter Include="Header Files">
      <UniqueIdentifier>{23F253C1-0D76-3321-862D-C726C633900A}</UniqueIdentifier>
    </Filter>
    <Filter Include="Source Files">
      <UniqueIdentifier>{21BC5016-947B-36A8-9A36-C2A1D320930E}</UniqueIdentifier>
    </Filter>
  </ItemGroup>
</Project>
